// !$*UTF8*$!
{
	archiveVersion = 1;
	classes = {
	};
	objectVersion = 52;
	objects = {

/* Begin PBXBuildFile section */
		8312E13325EB29FA007A7742 /* SwiftUICharts in Frameworks */ = {isa = PBXBuildFile; productRef = 8312E13225EB29FA007A7742 /* SwiftUICharts */; };
		838297C825C39A0100C47C4B /* AppDelegate.swift in Sources */ = {isa = PBXBuildFile; fileRef = 838297C725C39A0100C47C4B /* AppDelegate.swift */; };
		838297CA25C39A0100C47C4B /* SceneDelegate.swift in Sources */ = {isa = PBXBuildFile; fileRef = 838297C925C39A0100C47C4B /* SceneDelegate.swift */; };
		838297CD25C39A0100C47C4B /* pocket_business.xcdatamodeld in Sources */ = {isa = PBXBuildFile; fileRef = 838297CB25C39A0100C47C4B /* pocket_business.xcdatamodeld */; };
		838297CF25C39A0100C47C4B /* ContentView.swift in Sources */ = {isa = PBXBuildFile; fileRef = 838297CE25C39A0100C47C4B /* ContentView.swift */; };
		838297D125C39A0300C47C4B /* Assets.xcassets in Resources */ = {isa = PBXBuildFile; fileRef = 838297D025C39A0300C47C4B /* Assets.xcassets */; };
		838297D425C39A0300C47C4B /* Preview Assets.xcassets in Resources */ = {isa = PBXBuildFile; fileRef = 838297D325C39A0300C47C4B /* Preview Assets.xcassets */; };
		838297D725C39A0300C47C4B /* LaunchScreen.storyboard in Resources */ = {isa = PBXBuildFile; fileRef = 838297D525C39A0300C47C4B /* LaunchScreen.storyboard */; };
		838297E225C39A0300C47C4B /* pocket_businessTests.swift in Sources */ = {isa = PBXBuildFile; fileRef = 838297E125C39A0300C47C4B /* pocket_businessTests.swift */; };
/* End PBXBuildFile section */

/* Begin PBXContainerItemProxy section */
		838297DE25C39A0300C47C4B /* PBXContainerItemProxy */ = {
			isa = PBXContainerItemProxy;
			containerPortal = 838297BC25C39A0100C47C4B /* Project object */;
			proxyType = 1;
			remoteGlobalIDString = 838297C325C39A0100C47C4B;
			remoteInfo = pocket_business;
		};
/* End PBXContainerItemProxy section */

/* Begin PBXFileReference section */
		838297C425C39A0100C47C4B /* pocket_business.app */ = {isa = PBXFileReference; explicitFileType = wrapper.application; includeInIndex = 0; path = pocket_business.app; sourceTree = BUILT_PRODUCTS_DIR; };
		838297C725C39A0100C47C4B /* AppDelegate.swift */ = {isa = PBXFileReference; lastKnownFileType = sourcecode.swift; path = AppDelegate.swift; sourceTree = "<group>"; };
		838297C925C39A0100C47C4B /* SceneDelegate.swift */ = {isa = PBXFileReference; lastKnownFileType = sourcecode.swift; path = SceneDelegate.swift; sourceTree = "<group>"; };
		838297CC25C39A0100C47C4B /* pocket_business.xcdatamodel */ = {isa = PBXFileReference; lastKnownFileType = wrapper.xcdatamodel; path = pocket_business.xcdatamodel; sourceTree = "<group>"; };
		838297CE25C39A0100C47C4B /* ContentView.swift */ = {isa = PBXFileReference; lastKnownFileType = sourcecode.swift; path = ContentView.swift; sourceTree = "<group>"; };
		838297D025C39A0300C47C4B /* Assets.xcassets */ = {isa = PBXFileReference; lastKnownFileType = folder.assetcatalog; path = Assets.xcassets; sourceTree = "<group>"; };
		838297D325C39A0300C47C4B /* Preview Assets.xcassets */ = {isa = PBXFileReference; lastKnownFileType = folder.assetcatalog; path = "Preview Assets.xcassets"; sourceTree = "<group>"; };
		838297D625C39A0300C47C4B /* Base */ = {isa = PBXFileReference; lastKnownFileType = file.storyboard; name = Base; path = Base.lproj/LaunchScreen.storyboard; sourceTree = "<group>"; };
		838297D825C39A0300C47C4B /* Info.plist */ = {isa = PBXFileReference; lastKnownFileType = text.plist.xml; path = Info.plist; sourceTree = "<group>"; };
		838297DD25C39A0300C47C4B /* pocket_businessTests.xctest */ = {isa = PBXFileReference; explicitFileType = wrapper.cfbundle; includeInIndex = 0; path = pocket_businessTests.xctest; sourceTree = BUILT_PRODUCTS_DIR; };
		838297E125C39A0300C47C4B /* pocket_businessTests.swift */ = {isa = PBXFileReference; lastKnownFileType = sourcecode.swift; path = pocket_businessTests.swift; sourceTree = "<group>"; };
		838297E325C39A0300C47C4B /* Info.plist */ = {isa = PBXFileReference; lastKnownFileType = text.plist.xml; path = Info.plist; sourceTree = "<group>"; };
/* End PBXFileReference section */

/* Begin PBXFrameworksBuildPhase section */
		838297C125C39A0100C47C4B /* Frameworks */ = {
			isa = PBXFrameworksBuildPhase;
			buildActionMask = 2147483647;
			files = (
				8312E13325EB29FA007A7742 /* SwiftUICharts in Frameworks */,
			);
			runOnlyForDeploymentPostprocessing = 0;
		};
		838297DA25C39A0300C47C4B /* Frameworks */ = {
			isa = PBXFrameworksBuildPhase;
			buildActionMask = 2147483647;
			files = (
			);
			runOnlyForDeploymentPostprocessing = 0;
		};
/* End PBXFrameworksBuildPhase section */

/* Begin PBXGroup section */
		838297BB25C39A0100C47C4B = {
			isa = PBXGroup;
			children = (
				838297C625C39A0100C47C4B /* pocket_business */,
				838297E025C39A0300C47C4B /* pocket_businessTests */,
				838297C525C39A0100C47C4B /* Products */,
			);
			sourceTree = "<group>";
		};
		838297C525C39A0100C47C4B /* Products */ = {
			isa = PBXGroup;
			children = (
				838297C425C39A0100C47C4B /* pocket_business.app */,
				838297DD25C39A0300C47C4B /* pocket_businessTests.xctest */,
			);
			name = Products;
			sourceTree = "<group>";
		};
		838297C625C39A0100C47C4B /* pocket_business */ = {
			isa = PBXGroup;
			children = (
				838297CE25C39A0100C47C4B /* ContentView.swift */,
				838297C725C39A0100C47C4B /* AppDelegate.swift */,
				838297C925C39A0100C47C4B /* SceneDelegate.swift */,
				838297D025C39A0300C47C4B /* Assets.xcassets */,
				838297D525C39A0300C47C4B /* LaunchScreen.storyboard */,
				838297D825C39A0300C47C4B /* Info.plist */,
				838297CB25C39A0100C47C4B /* pocket_business.xcdatamodeld */,
				838297D225C39A0300C47C4B /* Preview Content */,
			);
			path = pocket_business;
			sourceTree = "<group>";
		};
		838297D225C39A0300C47C4B /* Preview Content */ = {
			isa = PBXGroup;
			children = (
				838297D325C39A0300C47C4B /* Preview Assets.xcassets */,
			);
			path = "Preview Content";
			sourceTree = "<group>";
		};
		838297E025C39A0300C47C4B /* pocket_businessTests */ = {
			isa = PBXGroup;
			children = (
				838297E125C39A0300C47C4B /* pocket_businessTests.swift */,
				838297E325C39A0300C47C4B /* Info.plist */,
			);
			path = pocket_businessTests;
			sourceTree = "<group>";
		};
/* End PBXGroup section */

/* Begin PBXNativeTarget section */
		838297C325C39A0100C47C4B /* pocket_business */ = {
			isa = PBXNativeTarget;
			buildConfigurationList = 838297E625C39A0300C47C4B /* Build configuration list for PBXNativeTarget "pocket_business" */;
			buildPhases = (
				838297C025C39A0100C47C4B /* Sources */,
				838297C125C39A0100C47C4B /* Frameworks */,
				838297C225C39A0100C47C4B /* Resources */,
			);
			buildRules = (
			);
			dependencies = (
			);
			name = pocket_business;
			packageProductDependencies = (
				8312E13225EB29FA007A7742 /* SwiftUICharts */,
			);
			productName = pocket_business;
			productReference = 838297C425C39A0100C47C4B /* pocket_business.app */;
			productType = "com.apple.product-type.application";
		};
		838297DC25C39A0300C47C4B /* pocket_businessTests */ = {
			isa = PBXNativeTarget;
			buildConfigurationList = 838297E925C39A0300C47C4B /* Build configuration list for PBXNativeTarget "pocket_businessTests" */;
			buildPhases = (
				838297D925C39A0300C47C4B /* Sources */,
				838297DA25C39A0300C47C4B /* Frameworks */,
				838297DB25C39A0300C47C4B /* Resources */,
			);
			buildRules = (
			);
			dependencies = (
				838297DF25C39A0300C47C4B /* PBXTargetDependency */,
			);
			name = pocket_businessTests;
			productName = pocket_businessTests;
			productReference = 838297DD25C39A0300C47C4B /* pocket_businessTests.xctest */;
			productType = "com.apple.product-type.bundle.unit-test";
		};
/* End PBXNativeTarget section */

/* Begin PBXProject section */
		838297BC25C39A0100C47C4B /* Project object */ = {
			isa = PBXProject;
			attributes = {
				LastSwiftUpdateCheck = 1130;
				LastUpgradeCheck = 1130;
				ORGANIZATIONNAME = ddneprov;
				TargetAttributes = {
					838297C325C39A0100C47C4B = {
						CreatedOnToolsVersion = 11.3.1;
					};
					838297DC25C39A0300C47C4B = {
						CreatedOnToolsVersion = 11.3.1;
						TestTargetID = 838297C325C39A0100C47C4B;
					};
				};
			};
			buildConfigurationList = 838297BF25C39A0100C47C4B /* Build configuration list for PBXProject "pocket_business" */;
			compatibilityVersion = "Xcode 9.3";
			developmentRegion = en;
			hasScannedForEncodings = 0;
			knownRegions = (
				en,
				Base,
			);
			mainGroup = 838297BB25C39A0100C47C4B;
			packageReferences = (
				8312E13125EB29FA007A7742 /* XCRemoteSwiftPackageReference "SwiftUICharts" */,
			);
			productRefGroup = 838297C525C39A0100C47C4B /* Products */;
			projectDirPath = "";
			projectRoot = "";
			targets = (
				838297C325C39A0100C47C4B /* pocket_business */,
				838297DC25C39A0300C47C4B /* pocket_businessTests */,
			);
		};
/* End PBXProject section */

/* Begin PBXResourcesBuildPhase section */
		838297C225C39A0100C47C4B /* Resources */ = {
			isa = PBXResourcesBuildPhase;
			buildActionMask = 2147483647;
			files = (
				838297D725C39A0300C47C4B /* LaunchScreen.storyboard in Resources */,
				838297D425C39A0300C47C4B /* Preview Assets.xcassets in Resources */,
				838297D125C39A0300C47C4B /* Assets.xcassets in Resources */,
			);
			runOnlyForDeploymentPostprocessing = 0;
		};
		838297DB25C39A0300C47C4B /* Resources */ = {
			isa = PBXResourcesBuildPhase;
			buildActionMask = 2147483647;
			files = (
			);
			runOnlyForDeploymentPostprocessing = 0;
		};
/* End PBXResourcesBuildPhase section */

/* Begin PBXSourcesBuildPhase section */
		838297C025C39A0100C47C4B /* Sources */ = {
			isa = PBXSourcesBuildPhase;
			buildActionMask = 2147483647;
			files = (
				838297C825C39A0100C47C4B /* AppDelegate.swift in Sources */,
				838297CA25C39A0100C47C4B /* SceneDelegate.swift in Sources */,
				838297CF25C39A0100C47C4B /* ContentView.swift in Sources */,
				838297CD25C39A0100C47C4B /* pocket_business.xcdatamodeld in Sources */,
			);
			runOnlyForDeploymentPostprocessing = 0;
		};
		838297D925C39A0300C47C4B /* Sources */ = {
			isa = PBXSourcesBuildPhase;
			buildActionMask = 2147483647;
			files = (
				838297E225C39A0300C47C4B /* pocket_businessTests.swift in Sources */,
			);
			runOnlyForDeploymentPostprocessing = 0;
		};
/* End PBXSourcesBuildPhase section */

/* Begin PBXTargetDependency section */
		838297DF25C39A0300C47C4B /* PBXTargetDependency */ = {
			isa = PBXTargetDependency;
			target = 838297C325C39A0100C47C4B /* pocket_business */;
			targetProxy = 838297DE25C39A0300C47C4B /* PBXContainerItemProxy */;
		};
/* End PBXTargetDependency section */

/* Begin PBXVariantGroup section */
		838297D525C39A0300C47C4B /* LaunchScreen.storyboard */ = {
			isa = PBXVariantGroup;
			children = (
				838297D625C39A0300C47C4B /* Base */,
			);
			name = LaunchScreen.storyboard;
			sourceTree = "<group>";
		};
/* End PBXVariantGroup section */

/* Begin XCBuildConfiguration section */
		838297E425C39A0300C47C4B /* Debug */ = {
			isa = XCBuildConfiguration;
			buildSettings = {
				ALWAYS_SEARCH_USER_PATHS = NO;
				CLANG_ANALYZER_NONNULL = YES;
				CLANG_ANALYZER_NUMBER_OBJECT_CONVERSION = YES_AGGRESSIVE;
				CLANG_CXX_LANGUAGE_STANDARD = "gnu++14";
				CLANG_CXX_LIBRARY = "libc++";
				CLANG_ENABLE_MODULES = YES;
				CLANG_ENABLE_OBJC_ARC = YES;
				CLANG_ENABLE_OBJC_WEAK = YES;
				CLANG_WARN_BLOCK_CAPTURE_AUTORELEASING = YES;
				CLANG_WARN_BOOL_CONVERSION = YES;
				CLANG_WARN_COMMA = YES;
				CLANG_WARN_CONSTANT_CONVERSION = YES;
				CLANG_WARN_DEPRECATED_OBJC_IMPLEMENTATIONS = YES;
				CLANG_WARN_DIRECT_OBJC_ISA_USAGE = YES_ERROR;
				CLANG_WARN_DOCUMENTATION_COMMENTS = YES;
				CLANG_WARN_EMPTY_BODY = YES;
				CLANG_WARN_ENUM_CONVERSION = YES;
				CLANG_WARN_INFINITE_RECURSION = YES;
				CLANG_WARN_INT_CONVERSION = YES;
				CLANG_WARN_NON_LITERAL_NULL_CONVERSION = YES;
				CLANG_WARN_OBJC_IMPLICIT_RETAIN_SELF = YES;
				CLANG_WARN_OBJC_LITERAL_CONVERSION = YES;
				CLANG_WARN_OBJC_ROOT_CLASS = YES_ERROR;
				CLANG_WARN_RANGE_LOOP_ANALYSIS = YES;
				CLANG_WARN_STRICT_PROTOTYPES = YES;
				CLANG_WARN_SUSPICIOUS_MOVE = YES;
				CLANG_WARN_UNGUARDED_AVAILABILITY = YES_AGGRESSIVE;
				CLANG_WARN_UNREACHABLE_CODE = YES;
				CLANG_WARN__DUPLICATE_METHOD_MATCH = YES;
				CODE_SIGN_IDENTITY = "iPhone Developer";
				COPY_PHASE_STRIP = NO;
				DEBUG_INFORMATION_FORMAT = dwarf;
				ENABLE_STRICT_OBJC_MSGSEND = YES;
				ENABLE_TESTABILITY = YES;
				GCC_C_LANGUAGE_STANDARD = gnu11;
				GCC_DYNAMIC_NO_PIC = NO;
				GCC_NO_COMMON_BLOCKS = YES;
				GCC_OPTIMIZATION_LEVEL = 0;
				GCC_PREPROCESSOR_DEFINITIONS = (
					"DEBUG=1",
					"$(inherited)",
				);
				GCC_WARN_64_TO_32_BIT_CONVERSION = YES;
				GCC_WARN_ABOUT_RETURN_TYPE = YES_ERROR;
				GCC_WARN_UNDECLARED_SELECTOR = YES;
				GCC_WARN_UNINITIALIZED_AUTOS = YES_AGGRESSIVE;
				GCC_WARN_UNUSED_FUNCTION = YES;
				GCC_WARN_UNUSED_VARIABLE = YES;
				IPHONEOS_DEPLOYMENT_TARGET = 14.4;
				MTL_ENABLE_DEBUG_INFO = INCLUDE_SOURCE;
				MTL_FAST_MATH = YES;
				ONLY_ACTIVE_ARCH = YES;
				SDKROOT = iphoneos;
				SWIFT_ACTIVE_COMPILATION_CONDITIONS = DEBUG;
				SWIFT_OPTIMIZATION_LEVEL = "-Onone";
			};
			name = Debug;
		};
		838297E525C39A0300C47C4B /* Release */ = {
			isa = XCBuildConfiguration;
			buildSettings = {
				ALWAYS_SEARCH_USER_PATHS = NO;
				CLANG_ANALYZER_NONNULL = YES;
				CLANG_ANALYZER_NUMBER_OBJECT_CONVERSION = YES_AGGRESSIVE;
				CLANG_CXX_LANGUAGE_STANDARD = "gnu++14";
				CLANG_CXX_LIBRARY = "libc++";
				CLANG_ENABLE_MODULES = YES;
				CLANG_ENABLE_OBJC_ARC = YES;
				CLANG_ENABLE_OBJC_WEAK = YES;
				CLANG_WARN_BLOCK_CAPTURE_AUTORELEASING = YES;
				CLANG_WARN_BOOL_CONVERSION = YES;
				CLANG_WARN_COMMA = YES;
				CLANG_WARN_CONSTANT_CONVERSION = YES;
				CLANG_WARN_DEPRECATED_OBJC_IMPLEMENTATIONS = YES;
				CLANG_WARN_DIRECT_OBJC_ISA_USAGE = YES_ERROR;
				CLANG_WARN_DOCUMENTATION_COMMENTS = YES;
				CLANG_WARN_EMPTY_BODY = YES;
				CLANG_WARN_ENUM_CONVERSION = YES;
				CLANG_WARN_INFINITE_RECURSION = YES;
				CLANG_WARN_INT_CONVERSION = YES;
				CLANG_WARN_NON_LITERAL_NULL_CONVERSION = YES;
				CLANG_WARN_OBJC_IMPLICIT_RETAIN_SELF = YES;
				CLANG_WARN_OBJC_LITERAL_CONVERSION = YES;
				CLANG_WARN_OBJC_ROOT_CLASS = YES_ERROR;
				CLANG_WARN_RANGE_LOOP_ANALYSIS = YES;
				CLANG_WARN_STRICT_PROTOTYPES = YES;
				CLANG_WARN_SUSPICIOUS_MOVE = YES;
				CLANG_WARN_UNGUARDED_AVAILABILITY = YES_AGGRESSIVE;
				CLANG_WARN_UNREACHABLE_CODE = YES;
				CLANG_WARN__DUPLICATE_METHOD_MATCH = YES;
				CODE_SIGN_IDENTITY = "iPhone Developer";
				COPY_PHASE_STRIP = NO;
				DEBUG_INFORMATION_FORMAT = "dwarf-with-dsym";
				ENABLE_NS_ASSERTIONS = NO;
				ENABLE_STRICT_OBJC_MSGSEND = YES;
				GCC_C_LANGUAGE_STANDARD = gnu11;
				GCC_NO_COMMON_BLOCKS = YES;
				GCC_WARN_64_TO_32_BIT_CONVERSION = YES;
				GCC_WARN_ABOUT_RETURN_TYPE = YES_ERROR;
				GCC_WARN_UNDECLARED_SELECTOR = YES;
				GCC_WARN_UNINITIALIZED_AUTOS = YES_AGGRESSIVE;
				GCC_WARN_UNUSED_FUNCTION = YES;
				GCC_WARN_UNUSED_VARIABLE = YES;
				IPHONEOS_DEPLOYMENT_TARGET = 14.4;
				MTL_ENABLE_DEBUG_INFO = NO;
				MTL_FAST_MATH = YES;
				SDKROOT = iphoneos;
				SWIFT_COMPILATION_MODE = wholemodule;
				SWIFT_OPTIMIZATION_LEVEL = "-O";
				VALIDATE_PRODUCT = YES;
			};
			name = Release;
		};
		838297E725C39A0300C47C4B /* Debug */ = {
			isa = XCBuildConfiguration;
			buildSettings = {
				ASSETCATALOG_COMPILER_APPICON_NAME = AppIcon;
				CODE_SIGN_STYLE = Automatic;
				DEVELOPMENT_ASSET_PATHS = "\"pocket_business/Preview Content\"";
				DEVELOPMENT_TEAM = 4Q7A7HNBLJ;
				ENABLE_PREVIEWS = YES;
				INFOPLIST_FILE = pocket_business/Info.plist;
				LD_RUNPATH_SEARCH_PATHS = (
					"$(inherited)",
					"@executable_path/Frameworks",
				);
				PRODUCT_BUNDLE_IDENTIFIER = "org.com.pocket-business";
				PRODUCT_NAME = "$(TARGET_NAME)";
				SWIFT_VERSION = 5.0;
				TARGETED_DEVICE_FAMILY = 1;
			};
			name = Debug;
		};
		838297E825C39A0300C47C4B /* Release */ = {
			isa = XCBuildConfiguration;
			buildSettings = {
				ASSETCATALOG_COMPILER_APPICON_NAME = AppIcon;
				CODE_SIGN_STYLE = Automatic;
				DEVELOPMENT_ASSET_PATHS = "\"pocket_business/Preview Content\"";
				DEVELOPMENT_TEAM = 4Q7A7HNBLJ;
				ENABLE_PREVIEWS = YES;
				INFOPLIST_FILE = pocket_business/Info.plist;
				LD_RUNPATH_SEARCH_PATHS = (
					"$(inherited)",
					"@executable_path/Frameworks",
				);
				PRODUCT_BUNDLE_IDENTIFIER = "org.com.pocket-business";
				PRODUCT_NAME = "$(TARGET_NAME)";
				SWIFT_VERSION = 5.0;
				TARGETED_DEVICE_FAMILY = 1;
			};
			name = Release;
		};
		838297EA25C39A0300C47C4B /* Debug */ = {
			isa = XCBuildConfiguration;
			buildSettings = {
				ALWAYS_EMBED_SWIFT_STANDARD_LIBRARIES = YES;
				BUNDLE_LOADER = "$(TEST_HOST)";
				CODE_SIGN_STYLE = Automatic;
				INFOPLIST_FILE = pocket_businessTests/Info.plist;
				IPHONEOS_DEPLOYMENT_TARGET = 13.2;
				LD_RUNPATH_SEARCH_PATHS = (
					"$(inherited)",
					"@executable_path/Frameworks",
					"@loader_path/Frameworks",
				);
				PRODUCT_BUNDLE_IDENTIFIER = "org.com.pocket-businessTests";
				PRODUCT_NAME = "$(TARGET_NAME)";
				SWIFT_VERSION = 5.0;
				TARGETED_DEVICE_FAMILY = "1,2";
				TEST_HOST = "$(BUILT_PRODUCTS_DIR)/pocket_business.app/pocket_business";
			};
			name = Debug;
		};
		838297EB25C39A0300C47C4B /* Release */ = {
			isa = XCBuildConfiguration;
			buildSettings = {
				ALWAYS_EMBED_SWIFT_STANDARD_LIBRARIES = YES;
				BUNDLE_LOADER = "$(TEST_HOST)";
				CODE_SIGN_STYLE = Automatic;
				INFOPLIST_FILE = pocket_businessTests/Info.plist;
				IPHONEOS_DEPLOYMENT_TARGET = 13.2;
				LD_RUNPATH_SEARCH_PATHS = (
					"$(inherited)",
					"@executable_path/Frameworks",
					"@loader_path/Frameworks",
				);
				PRODUCT_BUNDLE_IDENTIFIER = "org.com.pocket-businessTests";
				PRODUCT_NAME = "$(TARGET_NAME)";
				SWIFT_VERSION = 5.0;
				TARGETED_DEVICE_FAMILY = "1,2";
				TEST_HOST = "$(BUILT_PRODUCTS_DIR)/pocket_business.app/pocket_business";
			};
			name = Release;
		};
/* End XCBuildConfiguration section */

/* Begin XCConfigurationList section */
		838297BF25C39A0100C47C4B /* Build configuration list for PBXProject "pocket_business" */ = {
			isa = XCConfigurationList;
			buildConfigurations = (
				838297E425C39A0300C47C4B /* Debug */,
				838297E525C39A0300C47C4B /* Release */,
			);
			defaultConfigurationIsVisible = 0;
			defaultConfigurationName = Release;
		};
		838297E625C39A0300C47C4B /* Build configuration list for PBXNativeTarget "pocket_business" */ = {
			isa = XCConfigurationList;
			buildConfigurations = (
				838297E725C39A0300C47C4B /* Debug */,
				838297E825C39A0300C47C4B /* Release */,
			);
			defaultConfigurationIsVisible = 0;
			defaultConfigurationName = Release;
		};
		838297E925C39A0300C47C4B /* Build configuration list for PBXNativeTarget "pocket_businessTests" */ = {
			isa = XCConfigurationList;
			buildConfigurations = (
				838297EA25C39A0300C47C4B /* Debug */,
				838297EB25C39A0300C47C4B /* Release */,
			);
			defaultConfigurationIsVisible = 0;
			defaultConfigurationName = Release;
		};
/* End XCConfigurationList section */

/* Begin XCRemoteSwiftPackageReference section */
		8312E13125EB29FA007A7742 /* XCRemoteSwiftPackageReference "SwiftUICharts" */ = {
			isa = XCRemoteSwiftPackageReference;
			repositoryURL = "https://github.com/mecid/SwiftUICharts.git";
			requirement = {
				kind = upToNextMajorVersion;
				minimumVersion = 0.5.2;
			};
		};
/* End XCRemoteSwiftPackageReference section */

/* Begin XCSwiftPackageProductDependency section */
		8312E13225EB29FA007A7742 /* SwiftUICharts */ = {
			isa = XCSwiftPackageProductDependency;
			package = 8312E13125EB29FA007A7742 /* XCRemoteSwiftPackageReference "SwiftUICharts" */;
			productName = SwiftUICharts;
		};
/* End XCSwiftPackageProductDependency section */

/* Begin XCVersionGroup section */
		838297CB25C39A0100C47C4B /* pocket_business.xcdatamodeld */ = {
			isa = XCVersionGroup;
			children = (
				838297CC25C39A0100C47C4B /* pocket_business.xcdatamodel */,
			);
			currentVersion = 838297CC25C39A0100C47C4B /* pocket_business.xcdatamodel */;
			path = pocket_business.xcdatamodeld;
			sourceTree = "<group>";
			versionGroupType = wrapper.xcdatamodel;
		};
/* End XCVersionGroup section */
	};
	rootObject = 838297BC25C39A0100C47C4B /* Project object */;
}
